{
  "name": "circuitgame",
  "lockfileVersion": 3,
  "requires": true,
  "packages": {
    "": {
      "dependencies": {
        "luna-console": "^1.3.3",
        "luna-object-viewer": "^0.2.4",
        "monaco-editor": "^0.48.0"
      }
    },
    "node_modules/licia": {
      "version": "1.39.2",
      "resolved": "https://registry.npmjs.org/licia/-/licia-1.39.2.tgz",
      "integrity": "sha512-4pte7gXufSAa3JcsR0iT+2Lj2RX5Qpj+Nc0n84xs0ynNmw7eJmeZzk2oPTEtsQqwHwtT+NiX0arGkL5HPjTs7g=="
    },
    "node_modules/luna-console": {
      "version": "1.3.3",
      "resolved": "https://registry.npmjs.org/luna-console/-/luna-console-1.3.3.tgz",
      "integrity": "sha512-HjtOiiPgViKFdjNWFRb5FY5TenrU48lHb4DxqTwzOBpWdlUYlBQ+NFih+4ZQgYs+3IBtbBGrG/tWNQ4E1bqpDg==",
      "dependencies": {
        "licia": "^1.38.1"
      },
      "peerDependencies": {
        "luna-data-grid": "^0.4.3",
        "luna-dom-viewer": "^1.2.4",
        "luna-object-viewer": "^0.2.4"
      }
    },
    "node_modules/luna-data-grid": {
      "version": "0.4.3",
      "resolved": "https://registry.npmjs.org/luna-data-grid/-/luna-data-grid-0.4.3.tgz",
      "integrity": "sha512-iSfY9RakHfSi9cVk3rBdqsi0oztOqLHu0udZsY3BsOVntKJg4/AK/rgZvFQK2TYdwOS7HoLPPZlp91/EyIL69Q==",
      "peer": true,
      "dependencies": {
        "licia": "^1.35.1"
      }
    },
    "node_modules/luna-dom-viewer": {
      "version": "1.3.0",
      "resolved": "https://registry.npmjs.org/luna-dom-viewer/-/luna-dom-viewer-1.3.0.tgz",
      "integrity": "sha512-u2lDiUCMEnBgDoaBEUhwlCtD6DR2An5TFFYcc+5ZEtj9jK/Eh+2shcBeDj5lAW0uAR/epkUnotshssZcP11EUQ==",
      "peer": true,
      "dependencies": {
        "licia": "^1.39.2"
      }
    },
    "node_modules/luna-object-viewer": {
      "version": "0.2.4",
      "resolved": "https://registry.npmjs.org/luna-object-viewer/-/luna-object-viewer-0.2.4.tgz",
      "integrity": "sha512-jJoEd5902BIFp8lxbmeodEBPaPe5wjSDDBazQuzTT31qpTLNv64V+HzXtoFurzkvghlxPAyPUyYtzcjkSgBvcA==",
      "dependencies": {
        "licia": "^1.35.1"
      }
    },
    "node_modules/monaco-editor": {
      "version": "0.48.0",
      "resolved": "https://registry.npmjs.org/monaco-editor/-/monaco-editor-0.48.0.tgz",
      "integrity": "sha512-goSDElNqFfw7iDHMg8WDATkfcyeLTNpBHQpO8incK6p5qZt5G/1j41X0xdGzpIkGojGXM+QiRQyLjnfDVvrpwA=="
    }
  }
}
